
Microsoft Visual Studio Solution File, Format Version 12.00
# Visual Studio Version 16
VisualStudioVersion = 16.0.31624.102
MinimumVisualStudioVersion = 10.0.40219.1
Project("{FAE04EC0-301F-11D3-BF4B-00C04F79EFBC}") = "SDKDemo", "SDKDemo.csproj", "{70A2B180-B7B5-4A61-B728-979F51453DB1}"
EndProject
Project("{FAE04EC0-301F-11D3-BF4B-00C04F79EFBC}") = "API3.SDK", "API3.SDK\API3.SDK\API3.SDK.csproj", "{664AC7C1-38F2-4C87-B8B3-CEE461E7052A}"
EndProject
Global
	GlobalSection(SolutionConfigurationPlatforms) = preSolution
		Debug|Any CPU = Debug|Any CPU
		Release|Any CPU = Release|Any CPU
	EndGlobalSection
	GlobalSection(ProjectConfigurationPlatforms) = postSolution
		{70A2B180-B7B5-4A61-B728-979F51453DB1}.Debug|Any CPU.ActiveCfg = Debug|Any CPU
		{70A2B180-B7B5-4A61-B728-979F51453DB1}.Debug|Any CPU.Build.0 = Debug|Any CPU
		{70A2B180-B7B5-4A61-B728-979F51453DB1}.Release|Any CPU.ActiveCfg = Release|Any CPU
		{70A2B180-B7B5-4A61-B728-979F51453DB1}.Release|Any CPU.Build.0 = Release|Any CPU
		{664AC7C1-38F2-4C87-B8B3-CEE461E7052A}.Debug|Any CPU.ActiveCfg = Debug|Any CPU
		{664AC7C1-38F2-4C87-B8B3-CEE461E7052A}.Debug|Any CPU.Build.0 = Debug|Any CPU
		{664AC7C1-38F2-4C87-B8B3-CEE461E7052A}.Release|Any CPU.ActiveCfg = Release|Any CPU
		{664AC7C1-38F2-4C87-B8B3-CEE461E7052A}.Release|Any CPU.Build.0 = Release|Any CPU
	EndGlobalSection
	GlobalSection(SolutionProperties) = preSolution
		HideSolutionNode = FALSE
	EndGlobalSection
	GlobalSection(ExtensibilityGlobals) = postSolution
		SolutionGuid = {79FFD1C3-D476-4316-BE0D-6174CBFB4CEE}
	EndGlobalSection
EndGlobal
